
Microsoft Visual Studio Solution File, Format Version 12.00
# Visual Studio Version 16
VisualStudioVersion = 16.0.31624.102
MinimumVisualStudioVersion = 10.0.40219.1
Project("{FAE04EC0-301F-11D3-BF4B-00C04F79EFBC}") = "Test", "Test.csproj", "{1E2AD4C8-230C-45C4-9D0D-2248677AD4A1}"
EndProject
Global
	GlobalSection(SolutionConfigurationPlatforms) = preSolution
		Debug|Any CPU = Debug|Any CPU
		Release|Any CPU = Release|Any CPU
	EndGlobalSection
	GlobalSection(ProjectConfigurationPlatforms) = postSolution
		{1E2AD4C8-230C-45C4-9D0D-2248677AD4A1}.Debug|Any CPU.ActiveCfg = Debug|Any CPU
		{1E2AD4C8-230C-45C4-9D0D-2248677AD4A1}.Debug|Any CPU.Build.0 = Debug|Any CPU
		{1E2AD4C8-230C-45C4-9D0D-2248677AD4A1}.Release|Any CPU.ActiveCfg = Release|Any CPU
		{1E2AD4C8-230C-45C4-9D0D-2248677AD4A1}.Release|Any CPU.Build.0 = Release|Any CPU
	EndGlobalSection
	GlobalSection(SolutionProperties) = preSolution
		HideSolutionNode = FALSE
	EndGlobalSection
	GlobalSection(ExtensibilityGlobals) = postSolution
		SolutionGuid = {A98B3334-AF52-411E-81EF-DD0CE8875DD3}
	EndGlobalSection
EndGlobal
